
Microsoft Visual Studio Solution File, Format Version 12.00
Project("{FAE04EC0-301F-11D3-BF4B-00C04F79EFBC}") = "BookGenreAnalyzer", "BookGenreAnalyzer\BookGenreAnalyzer.csproj", "{18F78849-BE19-4557-82D0-BF90A0AF51C7}"
EndProject
Global
	GlobalSection(SolutionConfigurationPlatforms) = preSolution
		Debug|Any CPU = Debug|Any CPU
		Release|Any CPU = Release|Any CPU
	EndGlobalSection
	GlobalSection(ProjectConfigurationPlatforms) = postSolution
		{18F78849-BE19-4557-82D0-BF90A0AF51C7}.Debug|Any CPU.ActiveCfg = Debug|Any CPU
		{18F78849-BE19-4557-82D0-BF90A0AF51C7}.Debug|Any CPU.Build.0 = Debug|Any CPU
		{18F78849-BE19-4557-82D0-BF90A0AF51C7}.Release|Any CPU.ActiveCfg = Release|Any CPU
		{18F78849-BE19-4557-82D0-BF90A0AF51C7}.Release|Any CPU.Build.0 = Release|Any CPU
	EndGlobalSection
EndGlobal
